# THIS IS AN AUTOGENERATED FILE. DO NOT EDIT THIS FILE DIRECTLY.
# yarn lockfile v1


"@ant-design/colors@^6.0.0":
  version "6.0.0"
  resolved "https://registry.npmmirror.com/@ant-design/colors/-/colors-6.0.0.tgz"
  integrity sha512-qAZRvPzfdWHtfameEGP2Qvuf838NhergR35o+EuVyB5XvSA98xod5r4utvi4TJ3ywmevm290g9nsCG5MryrdWQ==
  dependencies:
    "@ctrl/tinycolor" "^3.4.0"

"@ant-design/icons-svg@^4.2.1":
  version "4.2.1"
  resolved "https://registry.npmmirror.com/@ant-design/icons-svg/-/icons-svg-4.2.1.tgz"
  integrity sha512-EB0iwlKDGpG93hW8f85CTJTs4SvMX7tt5ceupvhALp1IF44SeUFOMhKUOYqpsoYWQKAOuTRDMqn75rEaKDp0Xw==

"@ant-design/icons-vue@^6.1.0":
  version "6.1.0"
  resolved "https://registry.npmmirror.com/@ant-design/icons-vue/-/icons-vue-6.1.0.tgz"
  integrity sha512-EX6bYm56V+ZrKN7+3MT/ubDkvJ5rK/O2t380WFRflDcVFgsvl3NLH7Wxeau6R8DbrO5jWR6DSTC3B6gYFp77AA==
  dependencies:
    "@ant-design/colors" "^6.0.0"
    "@ant-design/icons-svg" "^4.2.1"

"@babel/parser@^7.16.4":
  version "7.20.3"
  resolved "https://registry.npmmirror.com/@babel/parser/-/parser-7.20.3.tgz"
  integrity sha512-OP/s5a94frIPXwjzEcv5S/tpQfc6XhxYUnmWpgdqMWGgYCuErA3SzozaRAMQgSZWKeTJxht9aWAkUY+0UzvOFg==

"@babel/runtime@^7.10.5":
  version "7.20.1"
  resolved "https://registry.npmmirror.com/@babel/runtime/-/runtime-7.20.1.tgz"
  integrity sha512-mrzLkl6U9YLF8qpqI7TB82PESyEGjm/0Ly91jG575eVxMMlb8fYfOXFZIJ8XfLrJZQbm7dlKry2bJmXBUEkdFg==
  dependencies:
    regenerator-runtime "^0.13.10"

"@ctrl/tinycolor@^3.4.0":
  version "3.4.1"
  resolved "https://registry.npmmirror.com/@ctrl/tinycolor/-/tinycolor-3.4.1.tgz"
  integrity sha512-ej5oVy6lykXsvieQtqZxCOaLT+xD4+QNarq78cIYISHmZXshCvROLudpQN3lfL8G0NL7plMSSK+zlyvCaIJ4Iw==

"@esbuild/android-arm64@0.16.14":
  version "0.16.14"
  resolved "https://registry.npmmirror.com/@esbuild/android-arm64/-/android-arm64-0.16.14.tgz#f02c9f0d43086ddf6ed2795b881ddf7990f74456"
  integrity sha512-hTqB6Iq13pW4xaydeqQrs8vPntUnMjbkq+PgGiBMi69eYk74naG2ftHWqKnxn874kNrt5Or3rQ0PJutx2doJuQ==

"@esbuild/android-arm@0.16.14":
  version "0.16.14"
  resolved "https://registry.npmmirror.com/@esbuild/android-arm/-/android-arm-0.16.14.tgz#24e4faf569d0d6bbf9ed46f6ed395d68eb7f04fc"
  integrity sha512-u0rITLxFIeYAvtJXBQNhNuV4YZe+MD1YvIWT7Nicj8hZAtRVZk2PgNH6KclcKDVHz1ChLKXRfX7d7tkbQBUfrg==

"@esbuild/android-x64@0.16.14":
  version "0.16.14"
  resolved "https://registry.npmmirror.com/@esbuild/android-x64/-/android-x64-0.16.14.tgz#1173e706cf57c0d4dbf069d18e5d50ae6a5b0871"
  integrity sha512-jir51K4J0K5Rt0KOcippjSNdOl7akKDVz5I6yrqdk4/m9y+rldGptQUF7qU4YpX8U61LtR+w2Tu2Ph+K/UaJOw==

"@esbuild/darwin-arm64@0.16.14":
  version "0.16.14"
  resolved "https://registry.npmmirror.com/@esbuild/darwin-arm64/-/darwin-arm64-0.16.14.tgz#67f05693c5b097bcb4ff656ba5839459f30f79c2"
  integrity sha512-vrlaP81IuwPaw1fyX8fHCmivP3Gr73ojVEZy+oWJLAiZVcG8o8Phwun/XDnYIFUHxIoUnMFEpg9o38MIvlw8zw==

"@esbuild/darwin-x64@0.16.14":
  version "0.16.14"
  resolved "https://registry.npmmirror.com/@esbuild/darwin-x64/-/darwin-x64-0.16.14.tgz#519c9d127c5363d4a1e73b9d954460f798b41d2a"
  integrity sha512-KV1E01eC2hGYA2qzFDRCK4wdZCRUvMwCNcobgpiiOzp5QXpJBqFPdxI69j8vvzuU7oxFXDgANwEkXvpeQqyOyg==

"@esbuild/freebsd-arm64@0.16.14":
  version "0.16.14"
  resolved "https://registry.npmmirror.com/@esbuild/freebsd-arm64/-/freebsd-arm64-0.16.14.tgz#2e3f5de2951a8ec732a3e4ec4f5d47a7c9626001"
  integrity sha512-xRM1RQsazSvL42BNa5XC7ytD4ZDp0ZyJcH7aB0SlYUcHexJUKiDNKR7dlRVlpt6W0DvoRPU2nWK/9/QWS4u2fw==

"@esbuild/freebsd-x64@0.16.14":
  version "0.16.14"
  resolved "https://registry.npmmirror.com/@esbuild/freebsd-x64/-/freebsd-x64-0.16.14.tgz#d3cf84ff28357ac8d0123309bac37fcfcdd98f53"
  integrity sha512-7ALTAn6YRRf1O6fw9jmn0rWmOx3XfwDo7njGtjy1LXhDGUjTY/vohEPM3ii5MQ411vJv1r498EEx2aBQTJcrEw==

"@esbuild/linux-arm64@0.16.14":
  version "0.16.14"
  resolved "https://registry.npmmirror.com/@esbuild/linux-arm64/-/linux-arm64-0.16.14.tgz#f44b0e3d5d470cd763a9bc4855a12b8cb73d6c12"
  integrity sha512-TLh2OcbBUQcMYRH4GbiDkDZfZ4t1A3GgmeXY27dHSI6xrU7IkO00MGBiJySmEV6sH3Wa6pAN6UtaVL0DwkGW4Q==

"@esbuild/linux-arm@0.16.14":
  version "0.16.14"
  resolved "https://registry.npmmirror.com/@esbuild/linux-arm/-/linux-arm-0.16.14.tgz#b239eb7e6cb7df9c34c6b08f4adf113da47e0e09"
  integrity sha512-X6xULug66ulrr4IzrW7qq+eq9n4MtEyagdWvj4o4cmWr+JXOT47atjpDF9j5M2zHY0UQBmqnHhwl+tXpkpIb2w==

"@esbuild/linux-ia32@0.16.14":
  version "0.16.14"
  resolved "https://registry.npmmirror.com/@esbuild/linux-ia32/-/linux-ia32-0.16.14.tgz#f5f7886027cd61bed59178e981a0ef47ca5b72ef"
  integrity sha512-oBZkcZ56UZDFCAfE3Fd/Jgy10EoS7Td77NzNGenM+HSY8BkdQAcI9VF9qgwdOLZ+tuftWD7UqZ26SAhtvA3XhA==

"@esbuild/linux-loong64@0.16.14":
  version "0.16.14"
  resolved "https://registry.npmmirror.com/@esbuild/linux-loong64/-/linux-loong64-0.16.14.tgz#d2329371726f9778156c89ea0bed26fc1bc3cd7e"
  integrity sha512-udz/aEHTcuHP+xdWOJmZ5C9RQXHfZd/EhCnTi1Hfay37zH3lBxn/fNs85LA9HlsniFw2zccgcbrrTMKk7Cn1Qg==

"@esbuild/linux-mips64el@0.16.14":
  version "0.16.14"
  resolved "https://registry.npmmirror.com/@esbuild/linux-mips64el/-/linux-mips64el-0.16.14.tgz#8af86bdc6ee937c8a2803b3c197b28824f48df8e"
  integrity sha512-kJ2iEnikUOdC1SiTGbH0fJUgpZwa0ITDTvj9EHf9lm3I0hZ4Yugsb3M6XSl696jVxrEocLe519/8CbSpQWFSrg==

"@esbuild/linux-ppc64@0.16.14":
  version "0.16.14"
  resolved "https://registry.npmmirror.com/@esbuild/linux-ppc64/-/linux-ppc64-0.16.14.tgz#3fa3f8c6c9db3127f2ec5b2eba1cec67ff9a9b8e"
  integrity sha512-kclKxvZvX5YhykwlJ/K9ljiY4THe5vXubXpWmr7q3Zu3WxKnUe1VOZmhkEZlqtnJx31GHPEV4SIG95IqTdfgfg==

"@esbuild/linux-riscv64@0.16.14":
  version "0.16.14"
  resolved "https://registry.npmmirror.com/@esbuild/linux-riscv64/-/linux-riscv64-0.16.14.tgz#1bd1b631de2533106a08876295bad3a19b20f629"
  integrity sha512-fdwP9Dc+Kx/cZwp9T9kNqjAE/PQjfrxbio4rZ3XnC3cVvZBjuxpkiyu/tuCwt6SbAK5th6AYNjFdEV9kGC020A==

"@esbuild/linux-s390x@0.16.14":
  version "0.16.14"
  resolved "https://registry.npmmirror.com/@esbuild/linux-s390x/-/linux-s390x-0.16.14.tgz#c87440b6522b9a36a9cafd05b0f1ca3c5bad4cca"
  integrity sha512-++fw3P4fQk9nqvdzbANRqimKspL8pDCnSpXomyhV7V/ISha/BZIYvZwLBWVKp9CVWKwWPJ4ktsezuLIvlJRHqA==

"@esbuild/linux-x64@0.16.14":
  version "0.16.14"
  resolved "https://registry.npmmirror.com/@esbuild/linux-x64/-/linux-x64-0.16.14.tgz#49cd974dad6042ac0141ba332df6307c44e77fed"
  integrity sha512-TomtswAuzBf2NnddlrS4W01Tv85RM9YtATB3OugY6On0PLM4Ksz5qvQKVAjtzPKoLgL1FiZtfc8mkZc4IgoMEA==

"@esbuild/netbsd-x64@0.16.14":
  version "0.16.14"
  resolved "https://registry.npmmirror.com/@esbuild/netbsd-x64/-/netbsd-x64-0.16.14.tgz#53dcfb5131376feff0911adff7f01b4821706cf6"
  integrity sha512-U06pfx8P5CqyoPNfqIJmnf+5/r4mJ1S62G4zE6eOjS59naQcxi6GnscUCPH3b+hRG0qdKoGX49RAyiqW+M9aSw==

"@esbuild/openbsd-x64@0.16.14":
  version "0.16.14"
  resolved "https://registry.npmmirror.com/@esbuild/openbsd-x64/-/openbsd-x64-0.16.14.tgz#f36888f73087bcd12c5bf9a4b18e348da9c80ad0"
  integrity sha512-/Jl8XVaWEZNu9rZw+n792GIBupQwHo6GDoapHSb/2xp/Ku28eK6QpR2O9cPBkzHH4OOoMH0LB6zg/qczJ5TTGg==

"@esbuild/sunos-x64@0.16.14":
  version "0.16.14"
  resolved "https://registry.npmmirror.com/@esbuild/sunos-x64/-/sunos-x64-0.16.14.tgz#41e046bb0849ae59702a5cfa8be300431a61ee3a"
  integrity sha512-2iI7D34uTbDn/TaSiUbEHz+fUa8KbN90vX5yYqo12QGpu6T8Jl+kxODsWuMCwoTVlqUpwfPV22nBbFPME9OPtw==

"@esbuild/win32-arm64@0.16.14":
  version "0.16.14"
  resolved "https://registry.npmmirror.com/@esbuild/win32-arm64/-/win32-arm64-0.16.14.tgz#d6ed78742a6edd413e75796882ddaef8c1e23b93"
  integrity sha512-SjlM7AHmQVTiGBJE/nqauY1aDh80UBsXZ94g4g60CDkrDMseatiqALVcIuElg4ZSYzJs8hsg5W6zS2zLpZTVgg==

"@esbuild/win32-ia32@0.16.14":
  version "0.16.14"
  resolved "https://registry.npmmirror.com/@esbuild/win32-ia32/-/win32-ia32-0.16.14.tgz#558bd53859a83fe887d7d2dcdc6cb3fc9aa9a9bc"
  integrity sha512-z06t5zqk8ak0Xom5HG81z2iOQ1hNWYsFQp3sczVLVx+dctWdgl80tNRyTbwjaFfui2vFO12dfE3trCTvA+HO4g==

"@esbuild/win32-x64@0.16.14":
  version "0.16.14"
  resolved "https://registry.npmmirror.com/@esbuild/win32-x64/-/win32-x64-0.16.14.tgz"
  integrity sha512-ED1UpWcM6lAbalbbQ9TrGqJh4Y9TaASUvu8bI/0mgJcxhSByJ6rbpgqRhxYMaQ682WfA71nxUreaTO7L275zrw==

"@simonwep/pickr@~1.8.0":
  version "1.8.2"
  resolved "https://registry.npmmirror.com/@simonwep/pickr/-/pickr-1.8.2.tgz"
  integrity sha512-/l5w8BIkrpP6n1xsetx9MWPWlU6OblN5YgZZphxan0Tq4BByTCETL6lyIeY8lagalS2Nbt4F2W034KHLIiunKA==
  dependencies:
    core-js "^3.15.1"
    nanopop "^2.1.0"

"@tweenjs/tween.js@^18.6.4":
  version "18.6.4"
  resolved "https://registry.npmmirror.com/@tweenjs/tween.js/-/tween.js-18.6.4.tgz"
  integrity sha512-lB9lMjuqjtuJrx7/kOkqQBtllspPIN+96OvTCeJ2j5FEzinoAXTdAMFnDAQT1KVPRlnYfBrqxtqP66vDM40xxQ==

"@types/dat.gui@^0.7.7":
  version "0.7.7"
  resolved "https://registry.npmmirror.com/@types/dat.gui/-/dat.gui-0.7.7.tgz"
  integrity sha512-CxLCme0He5Jk3uQwfO/fGZMyNhb/ypANzqX0yU9lviBQMlen5SOvQTBQ/Cd9x5mFlUAK5Tk8RgvTyLj1nYkz+w==

"@types/stats.js@^0.17.0":
  version "0.17.0"
  resolved "https://registry.npmmirror.com/@types/stats.js/-/stats.js-0.17.0.tgz"
  integrity sha512-9w+a7bR8PeB0dCT/HBULU2fMqf6BAzvKbxFboYhmDtDkKPiyXYbjoe2auwsXlEFI7CFNMF1dCv3dFH5Poy9R1w==

"@types/three@^0.148.0":
  version "0.148.0"
  resolved "https://registry.npmmirror.com/@types/three/-/three-0.148.0.tgz"
  integrity sha512-1GiErjt1pJMadO8EhaxNrtULzdn+f3BbM3YTukiiXBVeRvvx4CXc2rpYdEuEBU/ouCX7Rc95j1HoVG9kFQXQJw==
  dependencies:
    "@types/webxr" "*"

"@types/webxr@*":
  version "0.5.0"
  resolved "https://registry.npmmirror.com/@types/webxr/-/webxr-0.5.0.tgz"
  integrity sha512-IUMDPSXnYIbEO2IereEFcgcqfDREOgmbGqtrMpVPpACTU6pltYLwHgVkrnYv0XhWEcjio9sYEfIEzgn3c7nDqA==

"@vitejs/plugin-vue@^4.0.0":
  version "4.0.0"
  resolved "https://registry.npmmirror.com/@vitejs/plugin-vue/-/plugin-vue-4.0.0.tgz"
  integrity sha512-e0X4jErIxAB5oLtDqbHvHpJe/uWNkdpYV83AOG2xo2tEVSzCzewgJMtREZM30wXnM5ls90hxiOtAuVU6H5JgbA==

"@volar/language-core@1.0.24":
  version "1.0.24"
  resolved "https://registry.npmmirror.com/@volar/language-core/-/language-core-1.0.24.tgz#5d767571e77728464635e61af1debca944811fe0"
  integrity sha512-vTN+alJiWwK0Pax6POqrmevbtFW2dXhjwWiW/MW4f48eDYPLdyURWcr8TixO7EN/nHsUBj2udT7igFKPtjyAKg==
  dependencies:
    "@volar/source-map" "1.0.24"
    muggle-string "^0.1.0"

"@volar/source-map@1.0.24":
  version "1.0.24"
  resolved "https://registry.npmmirror.com/@volar/source-map/-/source-map-1.0.24.tgz#ad4c827fea5c26b4bf38a86d983e7deb65b1c61e"
  integrity sha512-Qsv/tkplx18pgBr8lKAbM1vcDqgkGKQzbChg6NW+v0CZc3G7FLmK+WrqEPzKlN7Cwdc6XVL559Nod8WKAfKr4A==
  dependencies:
    muggle-string "^0.1.0"

"@volar/typescript@1.0.24":
  version "1.0.24"
  resolved "https://registry.npmmirror.com/@volar/typescript/-/typescript-1.0.24.tgz#f934eda9774b31abdff53efc56782cd2623723d5"
  integrity sha512-f8hCSk+PfKR1/RQHxZ79V1NpDImHoivqoizK+mstphm25tn/YJ/JnKNjZHB+o21fuW0yKlI26NV3jkVb2Cc/7A==
  dependencies:
    "@volar/language-core" "1.0.24"

"@volar/vue-language-core@1.0.24":
  version "1.0.24"
  resolved "https://registry.npmmirror.com/@volar/vue-language-core/-/vue-language-core-1.0.24.tgz#81d180a8e09a53cb575e83acb79a31493891a1a4"
  integrity sha512-2NTJzSgrwKu6uYwPqLiTMuAzi7fAY3yFy5PJ255bGJc82If0Xr+cW8pC80vpjG0D/aVLmlwAdO4+Ya2BI8GdDg==
  dependencies:
    "@volar/language-core" "1.0.24"
    "@volar/source-map" "1.0.24"
    "@vue/compiler-dom" "^3.2.45"
    "@vue/compiler-sfc" "^3.2.45"
    "@vue/reactivity" "^3.2.45"
    "@vue/shared" "^3.2.45"
    minimatch "^5.1.1"
    vue-template-compiler "^2.7.14"

"@volar/vue-typescript@1.0.24":
  version "1.0.24"
  resolved "https://registry.npmmirror.com/@volar/vue-typescript/-/vue-typescript-1.0.24.tgz#bef9b2bfb1b108c0f6cb12ec6fbf449b43fc8257"
  integrity sha512-9a25oHDvGaNC0okRS47uqJI6FxY4hUQZUsxeOUFHcqVxZEv8s17LPuP/pMMXyz7jPygrZubB/qXqHY5jEu/akA==
  dependencies:
    "@volar/typescript" "1.0.24"
    "@volar/vue-language-core" "1.0.24"

"@vue/compiler-core@3.2.45":
  version "3.2.45"
  resolved "https://registry.npmmirror.com/@vue/compiler-core/-/compiler-core-3.2.45.tgz"
  integrity sha512-rcMj7H+PYe5wBV3iYeUgbCglC+pbpN8hBLTJvRiK2eKQiWqu+fG9F+8sW99JdL4LQi7Re178UOxn09puSXvn4A==
  dependencies:
    "@babel/parser" "^7.16.4"
    "@vue/shared" "3.2.45"
    estree-walker "^2.0.2"
    source-map "^0.6.1"

"@vue/compiler-dom@3.2.45", "@vue/compiler-dom@^3.2.45":
  version "3.2.45"
  resolved "https://registry.npmmirror.com/@vue/compiler-dom/-/compiler-dom-3.2.45.tgz"
  integrity sha512-tyYeUEuKqqZO137WrZkpwfPCdiiIeXYCcJ8L4gWz9vqaxzIQRccTSwSWZ/Axx5YR2z+LvpUbmPNXxuBU45lyRw==
  dependencies:
    "@vue/compiler-core" "3.2.45"
    "@vue/shared" "3.2.45"

"@vue/compiler-sfc@3.2.45", "@vue/compiler-sfc@^3.2.45":
  version "3.2.45"
  resolved "https://registry.npmmirror.com/@vue/compiler-sfc/-/compiler-sfc-3.2.45.tgz"
  integrity sha512-1jXDuWah1ggsnSAOGsec8cFjT/K6TMZ0sPL3o3d84Ft2AYZi2jWJgRMjw4iaK0rBfA89L5gw427H4n1RZQBu6Q==
  dependencies:
    "@babel/parser" "^7.16.4"
    "@vue/compiler-core" "3.2.45"
    "@vue/compiler-dom" "3.2.45"
    "@vue/compiler-ssr" "3.2.45"
    "@vue/reactivity-transform" "3.2.45"
    "@vue/shared" "3.2.45"
    estree-walker "^2.0.2"
    magic-string "^0.25.7"
    postcss "^8.1.10"
    source-map "^0.6.1"

"@vue/compiler-ssr@3.2.45":
  version "3.2.45"
  resolved "https://registry.npmmirror.com/@vue/compiler-ssr/-/compiler-ssr-3.2.45.tgz"
  integrity sha512-6BRaggEGqhWht3lt24CrIbQSRD5O07MTmd+LjAn5fJj568+R9eUD2F7wMQJjX859seSlrYog7sUtrZSd7feqrQ==
  dependencies:
    "@vue/compiler-dom" "3.2.45"
    "@vue/shared" "3.2.45"

"@vue/devtools-api@^6.4.5":
  version "6.4.5"
  resolved "https://registry.npmmirror.com/@vue/devtools-api/-/devtools-api-6.4.5.tgz"
  integrity sha512-JD5fcdIuFxU4fQyXUu3w2KpAJHzTVdN+p4iOX2lMWSHMOoQdMAcpFLZzm9Z/2nmsoZ1a96QEhZ26e50xLBsgOQ==

"@vue/reactivity-transform@3.2.45":
  version "3.2.45"
  resolved "https://registry.npmmirror.com/@vue/reactivity-transform/-/reactivity-transform-3.2.45.tgz"
  integrity sha512-BHVmzYAvM7vcU5WmuYqXpwaBHjsS8T63jlKGWVtHxAHIoMIlmaMyurUSEs1Zcg46M4AYT5MtB1U274/2aNzjJQ==
  dependencies:
    "@babel/parser" "^7.16.4"
    "@vue/compiler-core" "3.2.45"
    "@vue/shared" "3.2.45"
    estree-walker "^2.0.2"
    magic-string "^0.25.7"

"@vue/reactivity@3.2.45", "@vue/reactivity@^3.2.45":
  version "3.2.45"
  resolved "https://registry.npmmirror.com/@vue/reactivity/-/reactivity-3.2.45.tgz"
  integrity sha512-PRvhCcQcyEVohW0P8iQ7HDcIOXRjZfAsOds3N99X/Dzewy8TVhTCT4uXpAHfoKjVTJRA0O0K+6QNkDIZAxNi3A==
  dependencies:
    "@vue/shared" "3.2.45"

"@vue/runtime-core@3.2.45":
  version "3.2.45"
  resolved "https://registry.npmmirror.com/@vue/runtime-core/-/runtime-core-3.2.45.tgz"
  integrity sha512-gzJiTA3f74cgARptqzYswmoQx0fIA+gGYBfokYVhF8YSXjWTUA2SngRzZRku2HbGbjzB6LBYSbKGIaK8IW+s0A==
  dependencies:
    "@vue/reactivity" "3.2.45"
    "@vue/shared" "3.2.45"

"@vue/runtime-dom@3.2.45":
  version "3.2.45"
  resolved "https://registry.npmmirror.com/@vue/runtime-dom/-/runtime-dom-3.2.45.tgz"
  integrity sha512-cy88YpfP5Ue2bDBbj75Cb4bIEZUMM/mAkDMfqDTpUYVgTf/kuQ2VQ8LebuZ8k6EudgH8pYhsGWHlY0lcxlvTwA==
  dependencies:
    "@vue/runtime-core" "3.2.45"
    "@vue/shared" "3.2.45"
    csstype "^2.6.8"

"@vue/server-renderer@3.2.45":
  version "3.2.45"
  resolved "https://registry.npmmirror.com/@vue/server-renderer/-/server-renderer-3.2.45.tgz"
  integrity sha512-ebiMq7q24WBU1D6uhPK//2OTR1iRIyxjF5iVq/1a5I1SDMDyDu4Ts6fJaMnjrvD3MqnaiFkKQj+LKAgz5WIK3g==
  dependencies:
    "@vue/compiler-ssr" "3.2.45"
    "@vue/shared" "3.2.45"

"@vue/shared@3.2.45", "@vue/shared@^3.2.45":
  version "3.2.45"
  resolved "https://registry.npmmirror.com/@vue/shared/-/shared-3.2.45.tgz"
  integrity sha512-Ewzq5Yhimg7pSztDV+RH1UDKBzmtqieXQlpTVm2AwraoRL/Rks96mvd8Vgi7Lj+h+TH8dv7mXD3FRZR3TUvbSg==

ant-design-vue@^3.2.15:
  version "3.2.15"
  resolved "https://registry.npmmirror.com/ant-design-vue/-/ant-design-vue-3.2.15.tgz"
  integrity sha512-sJfE7LWimSdAPe4dzNyQBrmVMnOTNQTkG9oOyr+7W8qIYrX8sYWyC68Nn1uum4KBJUSZUa/BU6dohvTG0urBhA==
  dependencies:
    "@ant-design/colors" "^6.0.0"
    "@ant-design/icons-vue" "^6.1.0"
    "@babel/runtime" "^7.10.5"
    "@ctrl/tinycolor" "^3.4.0"
    "@simonwep/pickr" "~1.8.0"
    array-tree-filter "^2.1.0"
    async-validator "^4.0.0"
    dayjs "^1.10.5"
    dom-align "^1.12.1"
    dom-scroll-into-view "^2.0.0"
    lodash "^4.17.21"
    lodash-es "^4.17.15"
    resize-observer-polyfill "^1.5.1"
    scroll-into-view-if-needed "^2.2.25"
    shallow-equal "^1.0.0"
    vue-types "^3.0.0"
    warning "^4.0.0"

array-tree-filter@^2.1.0:
  version "2.1.0"
  resolved "https://registry.npmmirror.com/array-tree-filter/-/array-tree-filter-2.1.0.tgz"
  integrity sha512-4ROwICNlNw/Hqa9v+rk5h22KjmzB1JGTMVKP2AKJBOCgb0yL0ASf0+YvCcLNNwquOHNX48jkeZIJ3a+oOQqKcw==

async-validator@^4.0.0:
  version "4.2.5"
  resolved "https://registry.npmmirror.com/async-validator/-/async-validator-4.2.5.tgz"
  integrity sha512-7HhHjtERjqlNbZtqNqy2rckN/SpOOlmDliet+lP7k+eKZEjPk3DgyeU9lIXLdeLz0uBbbVp+9Qdow9wJWgwwfg==

balanced-match@^1.0.0:
  version "1.0.2"
  resolved "https://registry.npmmirror.com/balanced-match/-/balanced-match-1.0.2.tgz"
  integrity sha512-3oSeUO0TMV67hN1AmbXsK4yaqU7tjiHlbxRDZOpH0KW9+CeX4bRAaX0Anxt0tx2MrpRpWwQaPwIlISEJhYU5Pw==

brace-expansion@^2.0.1:
  version "2.0.1"
  resolved "https://registry.npmmirror.com/brace-expansion/-/brace-expansion-2.0.1.tgz"
  integrity sha512-XnAIvQ8eM+kC6aULx6wuQiwVsnzsi9d3WxzV3FpWTGA19F621kwdbsAcFKXgKUHZWsy+mY6iL1sHTxWEFCytDA==
  dependencies:
    balanced-match "^1.0.0"

compute-scroll-into-view@^1.0.17:
  version "1.0.17"
  resolved "https://registry.npmmirror.com/compute-scroll-into-view/-/compute-scroll-into-view-1.0.17.tgz"
  integrity sha512-j4dx+Fb0URmzbwwMUrhqWM2BEWHdFGx+qZ9qqASHRPqvTYdqvWnHg0H1hIbcyLnvgnoNAVMlwkepyqM3DaIFUg==

core-js@^3.15.1:
  version "3.26.1"
  resolved "https://registry.npmmirror.com/core-js/-/core-js-3.26.1.tgz"
  integrity sha512-21491RRQVzUn0GGM9Z1Jrpr6PNPxPi+Za8OM9q4tksTSnlbXXGKK1nXNg/QvwFYettXvSX6zWKCtHHfjN4puyA==

csstype@^2.6.8:
  version "2.6.21"
  resolved "https://registry.npmmirror.com/csstype/-/csstype-2.6.21.tgz"
  integrity sha512-Z1PhmomIfypOpoMjRQB70jfvy/wxT50qW08YXO5lMIJkrdq4yOTR+AW7FqutScmB9NkLwxo+jU+kZLbofZZq/w==

dat.gui@^0.7.9:
  version "0.7.9"
  resolved "https://registry.npmmirror.com/dat.gui/-/dat.gui-0.7.9.tgz"
  integrity sha512-sCNc1OHobc+Erc1HqiswYgHdVNpSJUlk/Hz8vzOCsER7rl+oF/4+v8GXFUyCgtXpoCX6+bnmg07DedLvBLwYKQ==

dayjs@^1.10.5:
  version "1.11.6"
  resolved "https://registry.npmmirror.com/dayjs/-/dayjs-1.11.6.tgz"
  integrity sha512-zZbY5giJAinCG+7AGaw0wIhNZ6J8AhWuSXKvuc1KAyMiRsvGQWqh4L+MomvhdAYjN+lqvVCMq1I41e3YHvXkyQ==

de-indent@^1.0.2:
  version "1.0.2"
  resolved "https://registry.npmmirror.com/de-indent/-/de-indent-1.0.2.tgz"
  integrity sha512-e/1zu3xH5MQryN2zdVaF0OrdNLUbvWxzMbi+iNA6Bky7l1RoP8a2fIbRocyHclXt/arDrrR6lL3TqFD9pMQTsg==

dom-align@^1.12.1:
  version "1.12.4"
  resolved "https://registry.npmmirror.com/dom-align/-/dom-align-1.12.4.tgz"
  integrity sha512-R8LUSEay/68zE5c8/3BDxiTEvgb4xZTF0RKmAHfiEVN3klfIpXfi2/QCoiWPccVQ0J/ZGdz9OjzL4uJEP/MRAw==

dom-scroll-into-view@^2.0.0:
  version "2.0.1"
  resolved "https://registry.npmmirror.com/dom-scroll-into-view/-/dom-scroll-into-view-2.0.1.tgz"
  integrity sha512-bvVTQe1lfaUr1oFzZX80ce9KLDlZ3iU+XGNE/bz9HnGdklTieqsbmsLHe+rT2XWqopvL0PckkYqN7ksmm5pe3w==

esbuild@^0.16.3:
  version "0.16.14"
  resolved "https://registry.npmmirror.com/esbuild/-/esbuild-0.16.14.tgz"
  integrity sha512-6xAn3O6ZZyoxZAEkwfI9hw4cEqSr/o1ViJtnkvImVkblmUN65Md04o0S/7H1WNu1XGf1Cjij/on7VO4psIYjkw==
  optionalDependencies:
    "@esbuild/android-arm" "0.16.14"
    "@esbuild/android-arm64" "0.16.14"
    "@esbuild/android-x64" "0.16.14"
    "@esbuild/darwin-arm64" "0.16.14"
    "@esbuild/darwin-x64" "0.16.14"
    "@esbuild/freebsd-arm64" "0.16.14"
    "@esbuild/freebsd-x64" "0.16.14"
    "@esbuild/linux-arm" "0.16.14"
    "@esbuild/linux-arm64" "0.16.14"
    "@esbuild/linux-ia32" "0.16.14"
    "@esbuild/linux-loong64" "0.16.14"
    "@esbuild/linux-mips64el" "0.16.14"
    "@esbuild/linux-ppc64" "0.16.14"
    "@esbuild/linux-riscv64" "0.16.14"
    "@esbuild/linux-s390x" "0.16.14"
    "@esbuild/linux-x64" "0.16.14"
    "@esbuild/netbsd-x64" "0.16.14"
    "@esbuild/openbsd-x64" "0.16.14"
    "@esbuild/sunos-x64" "0.16.14"
    "@esbuild/win32-arm64" "0.16.14"
    "@esbuild/win32-ia32" "0.16.14"
    "@esbuild/win32-x64" "0.16.14"

estree-walker@^2.0.2:
  version "2.0.2"
  resolved "https://registry.npmmirror.com/estree-walker/-/estree-walker-2.0.2.tgz"
  integrity sha512-Rfkk/Mp/DL7JVje3u18FxFujQlTNR2q6QfMSMB7AvCBx91NGj/ba3kCfza0f6dVDbw7YlRf/nDrn7pQrCCyQ/w==

fsevents@~2.3.2:
  version "2.3.2"
  resolved "https://registry.npmmirror.com/fsevents/-/fsevents-2.3.2.tgz#8a526f78b8fdf4623b709e0b975c52c24c02fd1a"
  integrity sha512-xiqMQR4xAeHTuB9uWm+fFRcIOgKBMiOBP+eXiyT7jsgVCq1bkVygt00oASowB7EdtpOHaaPgKt812P9ab+DDKA==

function-bind@^1.1.1:
  version "1.1.1"
  resolved "https://registry.npmmirror.com/function-bind/-/function-bind-1.1.1.tgz"
  integrity sha512-yIovAzMX49sF8Yl58fSCWJ5svSLuaibPxXQJFLmBObTuCr0Mf1KiPopGM9NiFjiYBCbfaa2Fh6breQ6ANVTI0A==

has@^1.0.3:
  version "1.0.3"
  resolved "https://registry.npmmirror.com/has/-/has-1.0.3.tgz"
  integrity sha512-f2dvO0VU6Oej7RkWJGrehjbzMAjFp5/VKPp5tTpWIV4JHHZK1/BxbFRtf/siA2SWTe09caDmVtYYzWEIbBS4zw==
  dependencies:
    function-bind "^1.1.1"

he@^1.2.0:
  version "1.2.0"
  resolved "https://registry.npmmirror.com/he/-/he-1.2.0.tgz"
  integrity sha512-F/1DnUGPopORZi0ni+CvrCgHQ5FyEAHRLSApuYWMmrbSwoN2Mn/7k+Gl38gJnR7yyDZk6WLXwiGod1JOWNDKGw==

is-core-module@^2.9.0:
  version "2.11.0"
  resolved "https://registry.npmmirror.com/is-core-module/-/is-core-module-2.11.0.tgz"
  integrity sha512-RRjxlvLDkD1YJwDbroBHMb+cukurkDWNyHx7D3oNB5x9rb5ogcksMC5wHCadcXoo67gVr/+3GFySh3134zi6rw==
  dependencies:
    has "^1.0.3"

is-plain-object@3.0.1:
  version "3.0.1"
  resolved "https://registry.npmmirror.com/is-plain-object/-/is-plain-object-3.0.1.tgz"
  integrity sha512-Xnpx182SBMrr/aBik8y+GuR4U1L9FqMSojwDQwPMmxyC6bvEqly9UBCxhauBF5vNh2gwWJNX6oDV7O+OM4z34g==

"js-tokens@^3.0.0 || ^4.0.0":
  version "4.0.0"
  resolved "https://registry.npmmirror.com/js-tokens/-/js-tokens-4.0.0.tgz"
  integrity sha512-RdJUflcE3cUzKiMqQgsCu06FPu9UdIJO0beYbPhHN4k6apgJtifcoCtT9bcxOpYBtpD2kCM6Sbzg4CausW/PKQ==

lodash-es@^4.17.15:
  version "4.17.21"
  resolved "https://registry.npmmirror.com/lodash-es/-/lodash-es-4.17.21.tgz"
  integrity sha512-mKnC+QJ9pWVzv+C4/U3rRsHapFfHvQFoFB92e52xeyGMcX6/OlIl78je1u8vePzYZSkkogMPJ2yjxxsb89cxyw==

lodash@^4.17.21:
  version "4.17.21"
  resolved "https://registry.npmmirror.com/lodash/-/lodash-4.17.21.tgz"
  integrity sha512-v2kDEe57lecTulaDIuNTPy3Ry4gLGJ6Z1O3vE1krgXZNrsQ+LFTGHVxVjcXPs17LhbZVGedAJv8XZ1tvj5FvSg==

loose-envify@^1.0.0:
  version "1.4.0"
  resolved "https://registry.npmmirror.com/loose-envify/-/loose-envify-1.4.0.tgz"
  integrity sha512-lyuxPGr/Wfhrlem2CL/UcnUc1zcqKAImBDzukY7Y5F/yQiNdko6+fRLevlw1HgMySw7f611UIY408EtxRSoK3Q==
  dependencies:
    js-tokens "^3.0.0 || ^4.0.0"

magic-string@^0.25.7:
  version "0.25.9"
  resolved "https://registry.npmmirror.com/magic-string/-/magic-string-0.25.9.tgz"
  integrity sha512-RmF0AsMzgt25qzqqLc1+MbHmhdx0ojF2Fvs4XnOqz2ZOBXzzkEwc/dJQZCYHAn7v1jbVOjAZfK8msRn4BxO4VQ==
  dependencies:
    sourcemap-codec "^1.4.8"

minimatch@^5.1.1:
  version "5.1.2"
  resolved "https://registry.npmmirror.com/minimatch/-/minimatch-5.1.2.tgz"
  integrity sha512-bNH9mmM9qsJ2X4r2Nat1B//1dJVcn3+iBLa3IgqJ7EbGaDNepL9QSHOxN4ng33s52VMMhhIfgCYDk3C4ZmlDAg==
  dependencies:
    brace-expansion "^2.0.1"

muggle-string@^0.1.0:
  version "0.1.0"
  resolved "https://registry.npmmirror.com/muggle-string/-/muggle-string-0.1.0.tgz"
  integrity sha512-Tr1knR3d2mKvvWthlk7202rywKbiOm4rVFLsfAaSIhJ6dt9o47W4S+JMtWhd/PW9Wrdew2/S2fSvhz3E2gkfEg==

nanoid@^3.3.4:
  version "3.3.4"
  resolved "https://registry.npmmirror.com/nanoid/-/nanoid-3.3.4.tgz"
  integrity sha512-MqBkQh/OHTS2egovRtLk45wEyNXwF+cokD+1YPf9u5VfJiRdAiRwB2froX5Co9Rh20xs4siNPm8naNotSD6RBw==

nanopop@^2.1.0:
  version "2.2.0"
  resolved "https://registry.npmmirror.com/nanopop/-/nanopop-2.2.0.tgz"
  integrity sha512-E9JaHcxh3ere8/BEZHAcnuD10RluTSPyTToBvoFWS9/7DcCx6gyKjbn7M7Bx7E1veCxCuY1iO6h4+gdAf1j73Q==

path-parse@^1.0.7:
  version "1.0.7"
  resolved "https://registry.npmmirror.com/path-parse/-/path-parse-1.0.7.tgz"
  integrity sha512-LDJzPVEEEPR+y48z93A0Ed0yXb8pAByGWo/k5YYdYgpY2/2EsOsksJrq7lOHxryrVOn1ejG6oAp8ahvOIQD8sw==

picocolors@^1.0.0:
  version "1.0.0"
  resolved "https://registry.npmmirror.com/picocolors/-/picocolors-1.0.0.tgz"
  integrity sha512-1fygroTLlHu66zi26VoTDv8yRgm0Fccecssto+MhsZ0D/DGW2sm8E8AjW7NU5VVTRt5GxbeZ5qBuJr+HyLYkjQ==

postcss@^8.1.10, postcss@^8.4.20:
  version "8.4.20"
  resolved "https://registry.npmmirror.com/postcss/-/postcss-8.4.20.tgz"
  integrity sha512-6Q04AXR1212bXr5fh03u8aAwbLxAQNGQ/Q1LNa0VfOI06ZAlhPHtQvE4OIdpj4kLThXilalPnmDSOD65DcHt+g==
  dependencies:
    nanoid "^3.3.4"
    picocolors "^1.0.0"
    source-map-js "^1.0.2"

regenerator-runtime@^0.13.10:
  version "0.13.11"
  resolved "https://registry.npmmirror.com/regenerator-runtime/-/regenerator-runtime-0.13.11.tgz"
  integrity sha512-kY1AZVr2Ra+t+piVaJ4gxaFaReZVH40AKNo7UCX6W+dEwBo/2oZJzqfuN1qLq1oL45o56cPaTXELwrTh8Fpggg==

resize-observer-polyfill@^1.5.1:
  version "1.5.1"
  resolved "https://registry.npmmirror.com/resize-observer-polyfill/-/resize-observer-polyfill-1.5.1.tgz"
  integrity sha512-LwZrotdHOo12nQuZlHEmtuXdqGoOD0OhaxopaNFxWzInpEgaLWoVuAMbTzixuosCx2nEG58ngzW3vxdWoxIgdg==

resolve@^1.22.1:
  version "1.22.1"
  resolved "https://registry.npmmirror.com/resolve/-/resolve-1.22.1.tgz"
  integrity sha512-nBpuuYuY5jFsli/JIs1oldw6fOQCBioohqWZg/2hiaOybXOft4lonv85uDOKXdf8rhyK159cxU5cDcK/NKk8zw==
  dependencies:
    is-core-module "^2.9.0"
    path-parse "^1.0.7"
    supports-preserve-symlinks-flag "^1.0.0"

rollup@^3.7.0:
  version "3.9.1"
  resolved "https://registry.npmmirror.com/rollup/-/rollup-3.9.1.tgz"
  integrity sha512-GswCYHXftN8ZKGVgQhTFUJB/NBXxrRGgO2NCy6E8s1rwEJ4Q9/VttNqcYfEvx4dTo4j58YqdC3OVztPzlKSX8w==
  optionalDependencies:
    fsevents "~2.3.2"

scroll-into-view-if-needed@^2.2.25:
  version "2.2.29"
  resolved "https://registry.npmmirror.com/scroll-into-view-if-needed/-/scroll-into-view-if-needed-2.2.29.tgz"
  integrity sha512-hxpAR6AN+Gh53AdAimHM6C8oTN1ppwVZITihix+WqalywBeFcQ6LdQP5ABNl26nX8GTEL7VT+b8lKpdqq65wXg==
  dependencies:
    compute-scroll-into-view "^1.0.17"

shallow-equal@^1.0.0:
  version "1.2.1"
  resolved "https://registry.npmmirror.com/shallow-equal/-/shallow-equal-1.2.1.tgz"
  integrity sha512-S4vJDjHHMBaiZuT9NPb616CSmLf618jawtv3sufLl6ivK8WocjAo58cXwbRV1cgqxH0Qbv+iUt6m05eqEa2IRA==

source-map-js@^1.0.2:
  version "1.0.2"
  resolved "https://registry.npmmirror.com/source-map-js/-/source-map-js-1.0.2.tgz"
  integrity sha512-R0XvVJ9WusLiqTCEiGCmICCMplcCkIwwR11mOSD9CR5u+IXYdiseeEuXCVAjS54zqwkLcPNnmU4OeJ6tUrWhDw==

source-map@^0.6.1:
  version "0.6.1"
  resolved "https://registry.npmmirror.com/source-map/-/source-map-0.6.1.tgz"
  integrity sha512-UjgapumWlbMhkBgzT7Ykc5YXUT46F0iKu8SGXq0bcwP5dz/h0Plj6enJqjz1Zbq2l5WaqYnrVbwWOWMyF3F47g==

sourcemap-codec@^1.4.8:
  version "1.4.8"
  resolved "https://registry.npmmirror.com/sourcemap-codec/-/sourcemap-codec-1.4.8.tgz"
  integrity sha512-9NykojV5Uih4lgo5So5dtw+f0JgJX30KCNI8gwhz2J9A15wD0Ml6tjHKwf6fTSa6fAdVBdZeNOs9eJ71qCk8vA==

stats.js@^0.17.0:
  version "0.17.0"
  resolved "https://registry.npmmirror.com/stats.js/-/stats.js-0.17.0.tgz"
  integrity sha512-hNKz8phvYLPEcRkeG1rsGmV5ChMjKDAWU7/OJJdDErPBNChQXxCo3WZurGpnWc6gZhAzEPFad1aVgyOANH1sMw==

supports-preserve-symlinks-flag@^1.0.0:
  version "1.0.0"
  resolved "https://registry.npmmirror.com/supports-preserve-symlinks-flag/-/supports-preserve-symlinks-flag-1.0.0.tgz"
  integrity sha512-ot0WnXS9fgdkgIcePe6RHNk1WA8+muPa6cSjeR3V8K27q9BB1rTE3R1p7Hv0z1ZyAc8s6Vvv8DIyWf681MAt0w==

three@^0.148.0:
  version "0.148.0"
  resolved "https://registry.npmmirror.com/three/-/three-0.148.0.tgz"
  integrity sha512-8uzVV+qhTPi0bOFs/3te3RW6hb3urL8jYEl6irjCWo/l6sr8MPNMcClFev/MMYeIxr0gmDcoXTy/8LXh/LXkfw==

typescript@^4.9.4:
  version "4.9.4"
  resolved "https://registry.npmmirror.com/typescript/-/typescript-4.9.4.tgz"
  integrity sha512-Uz+dTXYzxXXbsFpM86Wh3dKCxrQqUcVMxwU54orwlJjOpO3ao8L7j5lH+dWfTwgCwIuM9GQ2kvVotzYJMXTBZg==

vite@^4.0.4:
  version "4.0.4"
  resolved "https://registry.npmmirror.com/vite/-/vite-4.0.4.tgz"
  integrity sha512-xevPU7M8FU0i/80DMR+YhgrzR5KS2ORy1B4xcX/cXLsvnUWvfHuqMmVU6N0YiJ4JWGRJJsLCgjEzKjG9/GKoSw==
  dependencies:
    esbuild "^0.16.3"
    postcss "^8.4.20"
    resolve "^1.22.1"
    rollup "^3.7.0"
  optionalDependencies:
    fsevents "~2.3.2"

vue-router@^4.1.6:
  version "4.1.6"
  resolved "https://registry.npmmirror.com/vue-router/-/vue-router-4.1.6.tgz"
  integrity sha512-DYWYwsG6xNPmLq/FmZn8Ip+qrhFEzA14EI12MsMgVxvHFDYvlr4NXpVF5hrRH1wVcDP8fGi5F4rxuJSl8/r+EQ==
  dependencies:
    "@vue/devtools-api" "^6.4.5"

vue-template-compiler@^2.7.14:
  version "2.7.14"
  resolved "https://registry.npmmirror.com/vue-template-compiler/-/vue-template-compiler-2.7.14.tgz"
  integrity sha512-zyA5Y3ArvVG0NacJDkkzJuPQDF8RFeRlzV2vLeSnhSpieO6LK2OVbdLPi5MPPs09Ii+gMO8nY4S3iKQxBxDmWQ==
  dependencies:
    de-indent "^1.0.2"
    he "^1.2.0"

vue-tsc@^1.0.24:
  version "1.0.24"
  resolved "https://registry.npmmirror.com/vue-tsc/-/vue-tsc-1.0.24.tgz#c0b270a7c8422408d3b6694fee61b39a4b9e4740"
  integrity sha512-mmU1s5SAqE1nByQAiQnao9oU4vX+mSdsgI8H57SfKH6UVzq/jP9+Dbi2GaV+0b4Cn361d2ln8m6xeU60ApiEXg==
  dependencies:
    "@volar/vue-language-core" "1.0.24"
    "@volar/vue-typescript" "1.0.24"

vue-types@^3.0.0:
  version "3.0.2"
  resolved "https://registry.npmmirror.com/vue-types/-/vue-types-3.0.2.tgz"
  integrity sha512-IwUC0Aq2zwaXqy74h4WCvFCUtoV0iSWr0snWnE9TnU18S66GAQyqQbRf2qfJtUuiFsBf6qp0MEwdonlwznlcrw==
  dependencies:
    is-plain-object "3.0.1"

vue@^3.2.45:
  version "3.2.45"
  resolved "https://registry.npmmirror.com/vue/-/vue-3.2.45.tgz#94a116784447eb7dbd892167784619fef379b3c8"
  integrity sha512-9Nx/Mg2b2xWlXykmCwiTUCWHbWIj53bnkizBxKai1g61f2Xit700A1ljowpTIM11e3uipOeiPcSqnmBg6gyiaA==
  dependencies:
    "@vue/compiler-dom" "3.2.45"
    "@vue/compiler-sfc" "3.2.45"
    "@vue/runtime-dom" "3.2.45"
    "@vue/server-renderer" "3.2.45"
    "@vue/shared" "3.2.45"

warning@^4.0.0:
  version "4.0.3"
  resolved "https://registry.npmmirror.com/warning/-/warning-4.0.3.tgz"
  integrity sha512-rpJyN222KWIvHJ/F53XSZv0Zl/accqHR8et1kpaMTD/fLCRxtV8iX8czMzY7sVZupTI3zcUTg8eycS2kNF9l6w==
  dependencies:
    loose-envify "^1.0.0"
